aiohttp==2.3.3 --hash=sha256:250cbc0d82d596abcf3b01de9835e43bc587f5a8c99ef0d4f1fc1e8721c5cd53  --hash=sha256:36c031e8b3710df521c6f12faa639c6ee4aff4c65e51ccc5f4113d1720d5a401  --hash=sha256:0d447e03d4ae1e9afdb183818b5d52353bc3bf1705204730c6c3acd348639e69  --hash=sha256:f1f79658b4b46b37199d9f1d71b2d34b2163c8adb589c5540f5ad2d79eb1de2f  --hash=sha256:f1e1d414d07b2334642ba6547bb2059772de1e887c6c296092e4b47200a6ae1c  --hash=sha256:56dec8192fd9174735ed6ed24ea8d74aa09ec3cd8d3218300f4eceaa7d65d2c8  --hash=sha256:7f7776146aeef02042acc22a9212e17ce7e144983090d93fe12fe1b95ef376e2  --hash=sha256:6d7a8015e490ad6e7e9fcf91ae5e92f668784f2bd3f4e66f2e66fe9be4758b24  --hash=sha256:0595e93c17f02583764ec08fa4924f9fdf29fed44b39b6b38d350960040bf04b  --hash=sha256:1ca67c9e5b279db6856555112013f944ea7e3e5585b682ce2e7aacfcf18cdde0  --hash=sha256:1abe8c6fe5df9f18244952173b2c425cd3e2a03e0a5de6ed439f071fd3aa930b  --hash=sha256:337811af434d5e257b9fc7e7365d213d37d9534d41f5034866a6b808fe23178b  --hash=sha256:e58b2172e456dae4a36fcc5736ff3b66fabd3a61d14213d5f677b5a39eb34d47  --hash=sha256:39606fe24eed40dfbd8e961f37f8438a64ecbddcbc4bc8162c23d0bfd14b3a8a  --hash=sha256:3dd70c3204147720f7b2deec26323f576bcd38ef6cd46a6f234e1528e685da4f  --hash=sha256:340778f9ec2c3e6da8943a376c35f588e1d69e16d8cf3522dd9475f6d656cd0f  --hash=sha256:ec0aabf016ca5cc24a42e6dbd66df747ec86b9dac299e6c4dd980cff9745ab0c  --hash=sha256:efab9175aab3f8773e56add6c827116658189f10b9e11359e90644db84953ffe  --hash=sha256:5152f5f85c9d16d5a3a1123b9f52a3f33314378e59cf46d528aeea8126b99fde  --hash=sha256:f8970430dd5f0a73d2b49985ee4e69286be175ac268802922479988e0ef12ae6  --hash=sha256:dcd89fdb7f6e9d22bd90704dcc1949f1b45f7b5fde99c5e3acc58c987eeb6a73  --hash=sha256:0a2e33e90560dacb819b095b9d9611597925d75d1b93dd9490055d3826d98a82
async-timeout==2.0.0 --hash=sha256:d3a195a827b0f4068d1616ae2da04aac62e365d14f2b13dbc071f9feed9db4e2  --hash=sha256:c17d8ac2d735d59aa62737d76f2787a6c938f5a944ecf768a8c0ab70b0dea566
chardet==3.0.4 --hash=sha256:fc323ffcaeaed0e0a02bf4d117757b98aed530d9ed4531e3e15460124c106691  --hash=sha256:84ab92ed1c4d4f16916e05906b6b75a6c0fb5db821cc65e70cbd64a3e2a5eaae
multidict==3.3.2 --hash=sha256:d12dfcff45b5c0eb3d586289cbf928012e75f93f10f4b9d7af903acb07b3c226  --hash=sha256:f7deb65a184cbe757faaf4c6d2b8f203cb1a11dd44603a34d7befc343253d5bf  --hash=sha256:80ad69b8330135b52a6da7a1f0ab6a278025bb72ea08768966785c829f515a6f  --hash=sha256:3261b631cd6d079e6a20def3306b433794f800ea896dce4f1d5e833ad9bf6f26  --hash=sha256:80e2bd17ea98fe77867771e1ee03433a54fa492a8413966a6caa766bdd6d6e62  --hash=sha256:8eb59892040198741944eafca0c34be4da6b58be7fddf6e491a2d9e7e1767548  --hash=sha256:24ec0d645ca70981e1c84e97e48c874b47f4970a173c8c751be9c213a8658e40  --hash=sha256:167558cfb7c43077b3d8602142109f2b52fae0841a7ff97eb0a7443db199f303  --hash=sha256:80abc93d197e24fb7c5aa5a8be3eacbcbc7115a2ff64e46162a4c2b46cd2f75a  --hash=sha256:ff2b92a41df2e4c5cafaefb782469f3e6053ed00026d75a398521096192d0408  --hash=sha256:5cfb63f0ddfa86ce6e80eee64e4fe886f9dfdb6dbbd724997bccb66513b0e29f  --hash=sha256:50dac1151e34974b04419073ee9726f4180c6daf3454fd4af258824a19ad8c1d  --hash=sha256:ebf1ba2af62dbaa37cf3db346830bb43d40d05a5f1f1966888a620f9b795e7c7  --hash=sha256:3f513f3bf933d7cb6f5741f6676d4fac1e96aa634161c071974f9bb86a7bbac9  --hash=sha256:ef6dc6e2d51b6058aa62cdd44dbf02c250c19eee6ff0065babc0ac126b068d43  --hash=sha256:90dc3b8fefc58a865d64957f8f901d724250ba2a40e02f49d0df0103e96f5afa  --hash=sha256:70630854b820d73ae102440123df38c983d77cd4ae444f3930a6bb6bbda87b76  --hash=sha256:faf2b6447521d2075d03fb5e7c5467bac68f67df1c69e034ebca3afb6b3c619d  --hash=sha256:eb7d5d39463137726138fc14c8458131136b8f4b06ba65f1cecd7aa6abe91df1  --hash=sha256:fa04df1503fae7045883c57db47ba0c07de2ebe4a91c3e64d56f20d3d99e5dc8  --hash=sha256:bce16633f3ee88863e4c9bcd7e037a6133c56fd9e7e7c0776bbaeeddcf154ac4  --hash=sha256:f82e61c7408ed0dce1862100db55595481911f159d6ddec0b375d35b6449509b
mysqlclient==1.3.12 --hash=sha256:b3b1a7e4468180afb79289b54069d9499242946a4cedf3928cbf6b2a13800016  --hash=sha256:d56e379c03efad746e84705cbb97401f60d1f98b05e11a27f2d9c2d043936974  --hash=sha256:371df79d000af56b4e540b7ce2120d1c9afb04b751bfce25a1eb609c50fd10ff  --hash=sha256:1e85e48b167e2af3bb08f273fdbd1ad6401cbe75057fa6513f97387dc7b282dc  --hash=sha256:2d9ec33de39f4d9c64ad7322ede0521d85829ce36a76f9dd3d6ab76a9c8648e5
simplejson==3.12.0 --hash=sha256:76bde9b007ca488a1cad6d33f426c7db264ac15c77dd129e04f96985146e08de  --hash=sha256:28882620a269703081e5d956941229316e082abda747006027d6e2069910da56  --hash=sha256:3c546e6461b386e9bfe3fcee9d741d1b2d7cd5d0da72fc9ea89f3742e7e5cde7  --hash=sha256:8dde2b270c2d3bcb3042eeab40978e7ee31d501a058d6f63dd88a970d3397b7c  --hash=sha256:df5e38f5e0a24abe0e02276aa5c3f8504150047a51c0b6b848b8153e6e6d395e  --hash=sha256:0fdd7dda25f3ee55bb3d9191bd684f7e4e20d4e3dbac8d5ce07eb9ea2d43b8ff  --hash=sha256:dfcc7bdcbbaf2ce6ec48fe77e14914f396a19e98d9d94e315d8a189440a7c4ba  --hash=sha256:0b8d87a613338e3c4d8f9029bc1f5d8e3f36a91fbe571c00feb11e6a5c769f67  --hash=sha256:28e68ae32f372d9ec4db5ebd0532acb5b53164aef23f4cc2d2a6b3991908933e
yarl==0.14.2 --hash=sha256:ef62ed11542934be938759de50ecb9b9b1fe4bc31329fbf93be0bc79d8f958c9  --hash=sha256:512911d0e0fa7970bb59402011f232bba03c56f1f77bae80264e0a370448d309  --hash=sha256:b982b6a89be5c2d4ec160c899c39d1b1a93f0595d955f1c6694a462ee3b62033  --hash=sha256:57e962e253065d532828072468bbaf9e7304749244b0da9ab6b5ff2868cb260e  --hash=sha256:dd1f598d09b78a36d053cf75b474c2815c4c7e2e609014b3d0cd4872ba1383cb  --hash=sha256:60d28f0202b520b8d8e7a4468964c76214e2849bf9a70427dd43a3145d64ab20  --hash=sha256:520ec764a1d39a3af0b8ef53cc639efb833f695abf30211e233c23c9f62c5d68  --hash=sha256:e4e4c36d7aabcea8cb5377fbbed16af695a1c99ff08b8a8c55317ad77e7bc75d  --hash=sha256:3b6659d2c4bf4483945e78125a00cfdce4dd27aeb0331ed88cdcdd1ba33b1871  --hash=sha256:28ff0d2c7b2326b90f5613e3e4081853fc8d52cc29c2fda7f54852125c469b93  --hash=sha256:0789677506dc15a7f9677de897fb351417a04c28d45923437068ca254920530a  --hash=sha256:5f3c6a3a8b2e249adc6baeb7bbef5c1c46430fe646ba7afce022d96f9b033802  --hash=sha256:e3cace21c8044457eb3a54506b99b267974c80280d3accfc7f22e70170f87ea8
